schema: '2.0'
stages:
  get_data:
    cmd: python getting_data1.py
    deps:
    - path: getting_data1.py
      hash: md5
      md5: 945f6ca26742f1730af86c10b10f4a7f
      size: 1094
    outs:
    - path: labels.pkl
      hash: md5
      md5: bdc1ed7fe633804ae7874e7d3fbbecfd
      size: 53486
    - path: sentences.pkl
      hash: md5
      md5: 8b3ca90121290ebefdddf853a712f1f6
      size: 1707631
    - path: url.pkl
      hash: md5
      md5: 8c747a6103d6d22cd0ba700170943f9e
      size: 2546745
  process:
    cmd: python preprocessing1.py
    deps:
    - path: labels.pkl
      hash: md5
      md5: bdc1ed7fe633804ae7874e7d3fbbecfd
      size: 53486
    - path: preprocessing1.py
      hash: md5
      md5: fd1bf220b19ac4e392f25f573b4477ee
      size: 1520
    - path: sentences.pkl
      hash: md5
      md5: 8b3ca90121290ebefdddf853a712f1f6
      size: 1707631
    - path: url.pkl
      hash: md5
      md5: 8c747a6103d6d22cd0ba700170943f9e
      size: 2546745
    outs:
    - path: test_labels.pkl
      hash: md5
      md5: 490239a304427c50d733a1d8c49dc585
      size: 53823
    - path: test_pad.pkl
      hash: md5
      md5: 537c6119c1c8d3122b49915db6c1ccf5
      size: 429538
    - path: train_pad.pkl
      hash: md5
      md5: 6c17ee5b9405c303d04849778461e12e
      size: 1280162
    - path: training_labels.pkl
      hash: md5
      md5: d4ddf2bc54556b0d133f58b640103543
      size: 160160
  train:
    cmd: python model.py
    deps:
    - path: model.py
      hash: md5
      md5: 86025823e8b7c040bc71043ed0ebb234
      size: 2546
    - path: test_labels.pkl
      hash: md5
      md5: 490239a304427c50d733a1d8c49dc585
      size: 53823
    - path: test_pad.pkl
      hash: md5
      md5: 537c6119c1c8d3122b49915db6c1ccf5
      size: 429538
    - path: train_pad.pkl
      hash: md5
      md5: 6c17ee5b9405c303d04849778461e12e
      size: 1280162
    - path: training_labels.pkl
      hash: md5
      md5: d4ddf2bc54556b0d133f58b640103543
      size: 160160
    outs:
    - path: all_model_results.pkl
      hash: md5
      md5: bd30a3404972fcb45e02e29f8ea1e551
      size: 142
    - path: model_results.json
      hash: md5
      md5: 969374206099662dc6b9b033508f86d8
      size: 212
